
Microsoft Visual Studio Solution File, Format Version 12.00
# Visual Studio 15
VisualStudioVersion = 15.0.26730.16
MinimumVisualStudioVersion = 10.0.40219.1
Project("{FAE04EC0-301F-11D3-BF4B-00C04F79EFBC}") = "AtlasCopco.App.Emulator.Console", "AtlasCopco.App.Emulator.ASCIIConsole\AtlasCopco.App.Emulator.Console.csproj", "{B3D8A67D-00AB-4293-936A-8753704CDD9F}"
EndProject
Project("{FAE04EC0-301F-11D3-BF4B-00C04F79EFBC}") = "AtlasCopco.App.Emulator.ASCIIConsole.Test", "AtlasCopco.App.Emulator.ASCIIConsole.Test\AtlasCopco.App.Emulator.ASCIIConsole.Test.csproj", "{3DE30819-3205-4C03-B000-AE04D53C99BF}"
EndProject
Project("{FAE04EC0-301F-11D3-BF4B-00C04F79EFBC}") = "AtlasCopco.Integration.Maze", "AtlasCopco.Integration.Maze\AtlasCopco.Integration.Maze.csproj", "{C47C3625-C54D-4F16-B53F-7839B10D87BE}"
EndProject
Project("{FAE04EC0-301F-11D3-BF4B-00C04F79EFBC}") = "AtlasCopco.App.Emulator.Model", "AtlasCopco.App.Emulator.Model\AtlasCopco.App.Emulator.Model.csproj", "{189B9A0D-1FC4-4F2B-A55C-D40004DEAD37}"
EndProject
Global
	GlobalSection(SolutionConfigurationPlatforms) = preSolution
		Debug|Any CPU = Debug|Any CPU
		Release|Any CPU = Release|Any CPU
	EndGlobalSection
	GlobalSection(ProjectConfigurationPlatforms) = postSolution
		{B3D8A67D-00AB-4293-936A-8753704CDD9F}.Debug|Any CPU.ActiveCfg = Debug|Any CPU
		{B3D8A67D-00AB-4293-936A-8753704CDD9F}.Debug|Any CPU.Build.0 = Debug|Any CPU
		{B3D8A67D-00AB-4293-936A-8753704CDD9F}.Release|Any CPU.ActiveCfg = Release|Any CPU
		{B3D8A67D-00AB-4293-936A-8753704CDD9F}.Release|Any CPU.Build.0 = Release|Any CPU
		{3DE30819-3205-4C03-B000-AE04D53C99BF}.Debug|Any CPU.ActiveCfg = Debug|Any CPU
		{3DE30819-3205-4C03-B000-AE04D53C99BF}.Debug|Any CPU.Build.0 = Debug|Any CPU
		{3DE30819-3205-4C03-B000-AE04D53C99BF}.Release|Any CPU.ActiveCfg = Release|Any CPU
		{3DE30819-3205-4C03-B000-AE04D53C99BF}.Release|Any CPU.Build.0 = Release|Any CPU
		{C47C3625-C54D-4F16-B53F-7839B10D87BE}.Debug|Any CPU.ActiveCfg = Debug|Any CPU
		{C47C3625-C54D-4F16-B53F-7839B10D87BE}.Debug|Any CPU.Build.0 = Debug|Any CPU
		{C47C3625-C54D-4F16-B53F-7839B10D87BE}.Release|Any CPU.ActiveCfg = Release|Any CPU
		{C47C3625-C54D-4F16-B53F-7839B10D87BE}.Release|Any CPU.Build.0 = Release|Any CPU
		{189B9A0D-1FC4-4F2B-A55C-D40004DEAD37}.Debug|Any CPU.ActiveCfg = Debug|Any CPU
		{189B9A0D-1FC4-4F2B-A55C-D40004DEAD37}.Debug|Any CPU.Build.0 = Debug|Any CPU
		{189B9A0D-1FC4-4F2B-A55C-D40004DEAD37}.Release|Any CPU.ActiveCfg = Release|Any CPU
		{189B9A0D-1FC4-4F2B-A55C-D40004DEAD37}.Release|Any CPU.Build.0 = Release|Any CPU
	EndGlobalSection
	GlobalSection(SolutionProperties) = preSolution
		HideSolutionNode = FALSE
	EndGlobalSection
	GlobalSection(ExtensibilityGlobals) = postSolution
		SolutionGuid = {CE3EF638-F3E7-40C1-840C-9F31D5FBA504}
	EndGlobalSection
EndGlobal
